
Microsoft Visual Studio Solution File, Format Version 12.00
# Visual Studio 14
VisualStudioVersion = 14.0.25420.1
MinimumVisualStudioVersion = 10.0.40219.1
Project("{FAE04EC0-301F-11D3-BF4B-00C04F79EFBC}") = "HotelSearch", "HotelSearch.csproj", "{8E137BE7-E568-4323-88EC-21669538BA18}"
EndProject
Project("{FAE04EC0-301F-11D3-BF4B-00C04F79EFBC}") = "HotelSearchTest", "HotelSearchTest\HotelSearchTest.csproj", "{D011882F-02B5-4DBC-999C-CF5960B40304}"
EndProject
Global
	GlobalSection(SolutionConfigurationPlatforms) = preSolution
		Debug|Any CPU = Debug|Any CPU
		Release|Any CPU = Release|Any CPU
	EndGlobalSection
	GlobalSection(ProjectConfigurationPlatforms) = postSolution
		{8E137BE7-E568-4323-88EC-21669538BA18}.Debug|Any CPU.ActiveCfg = Debug|Any CPU
		{8E137BE7-E568-4323-88EC-21669538BA18}.Debug|Any CPU.Build.0 = Debug|Any CPU
		{8E137BE7-E568-4323-88EC-21669538BA18}.Release|Any CPU.ActiveCfg = Release|Any CPU
		{8E137BE7-E568-4323-88EC-21669538BA18}.Release|Any CPU.Build.0 = Release|Any CPU
		{D011882F-02B5-4DBC-999C-CF5960B40304}.Debug|Any CPU.ActiveCfg = Debug|Any CPU
		{D011882F-02B5-4DBC-999C-CF5960B40304}.Debug|Any CPU.Build.0 = Debug|Any CPU
		{D011882F-02B5-4DBC-999C-CF5960B40304}.Release|Any CPU.ActiveCfg = Release|Any CPU
		{D011882F-02B5-4DBC-999C-CF5960B40304}.Release|Any CPU.Build.0 = Release|Any CPU
	EndGlobalSection
	GlobalSection(SolutionProperties) = preSolution
		HideSolutionNode = FALSE
	EndGlobalSection
EndGlobal
